PODS:
  - KMMViewModelCore (1.0.0-ALPHA-20):
    - KMMViewModelCoreObjC (= 1.0.0-ALPHA-20)
  - KMMViewModelCoreObjC (1.0.0-ALPHA-20)
  - KMMViewModelSwiftUI (1.0.0-ALPHA-20):
    - KMMViewModelCore (= 1.0.0-ALPHA-20)
  - KMPNativeCoroutinesAsync (1.0.0-ALPHA-27):
    - KMPNativeCoroutinesCore (= 1.0.0-ALPHA-27)
  - KMPNativeCoroutinesCore (1.0.0-ALPHA-27)
  - SDWebImage (5.19.1):
    - SDWebImage/Core (= 5.19.1)
  - SDWebImage/Core (5.19.1)
  - SDWebImageSVGCoder (1.7.0):
    - SDWebImage/Core (~> 5.6)
  - SDWebImageSwiftUI (2.2.3):
    - SDWebImage (~> 5.10)
  - Shared (1.0)
  - ToastSwiftUI (0.3.6)
  - UIPilot (1.3.1)

DEPENDENCIES:
  - KMMViewModelSwiftUI (= 1.0.0-ALPHA-20)
  - KMPNativeCoroutinesAsync (= 1.0.0-ALPHA-27)
  - SDWebImageSVGCoder
  - SDWebImageSwiftUI (= 2.2.3)
  - Shared (from `../petsearch-shared/Shared`)
  - ToastSwiftUI
  - UIPilot (~> 1.3.1)

SPEC REPOS:
  trunk:
    - KMMViewModelCore
    - KMMViewModelCoreObjC
    - KMMViewModelSwiftUI
    - KMPNativeCoroutinesAsync
    - KMPNativeCoroutinesCore
    - SDWebImage
    - SDWebImageSVGCoder
    - SDWebImageSwiftUI
    - ToastSwiftUI
    - UIPilot

EXTERNAL SOURCES:
  Shared:
    :path: "../petsearch-shared/Shared"

SPEC CHECKSUMS:
  KMMViewModelCore: 999834e4f4b8d9ada108656f54cc961fbb62498b
  KMMViewModelCoreObjC: 1cf316c148183034d6b7b87ebc08b9e676ea9d0f
  KMMViewModelSwiftUI: 39ed56e9ad729664237c3a04d6ddff1d2f46d307
  KMPNativeCoroutinesAsync: 7a2476324cf4842818ceda3801de543005babd12
  KMPNativeCoroutinesCore: a02bb7ce001707820591837b6aa6900ff990c776
  SDWebImage: 40b0b4053e36c660a764958bff99eed16610acbb
  SDWebImageSVGCoder: 15a300a97ec1c8ac958f009c02220ac0402e936c
  SDWebImageSwiftUI: 17396b7889f9abc27231caaeb64c537564284aab
  Shared: 68cccdc5b92427ba1f325420fb5834bc6fb9788e
  ToastSwiftUI: 02d2547df70d2f12340b6a9bf85e670cab3bbf3b
  UIPilot: f3aaea861e49c3e1b626c57b328a92c5107b2ca6

PODFILE CHECKSUM: f213c7600082c33560f9ceb0aab72e324481f0a7

COCOAPODS: 1.14.2
