PODS:
  - KMMViewModelCore (1.0.0-ALPHA-14):
    - KMMViewModelCoreObjC (= 1.0.0-ALPHA-14)
  - KMMViewModelCoreObjC (1.0.0-ALPHA-14)
  - KMMViewModelSwiftUI (1.0.0-ALPHA-14):
    - KMMViewModelCore (= 1.0.0-ALPHA-14)
  - KMPNativeCoroutinesAsync (1.0.0-ALPHA-18):
    - KMPNativeCoroutinesCore (= 1.0.0-ALPHA-18)
  - KMPNativeCoroutinesCore (1.0.0-ALPHA-18)
  - SDWebImage (5.18.2):
    - SDWebImage/Core (= 5.18.2)
  - SDWebImage/Core (5.18.2)
  - SDWebImageSVGCoder (1.7.0):
    - SDWebImage/Core (~> 5.6)
  - SDWebImageSwiftUI (2.2.3):
    - SDWebImage (~> 5.10)
  - Shared (1.0)
  - ToastSwiftUI (0.3.4)
  - UIPilot (1.3.1)

DEPENDENCIES:
  - KMMViewModelSwiftUI (= 1.0.0-ALPHA-14)
  - KMPNativeCoroutinesAsync (= 1.0.0-ALPHA-18)
  - SDWebImageSVGCoder
  - SDWebImageSwiftUI
  - Shared (from `../petsearch-shared/Shared`)
  - ToastSwiftUI
  - UIPilot (~> 1.3.1)

SPEC REPOS:
  trunk:
    - KMMViewModelCore
    - KMMViewModelCoreObjC
    - KMMViewModelSwiftUI
    - KMPNativeCoroutinesAsync
    - KMPNativeCoroutinesCore
    - SDWebImage
    - SDWebImageSVGCoder
    - SDWebImageSwiftUI
    - ToastSwiftUI
    - UIPilot

EXTERNAL SOURCES:
  Shared:
    :path: "../petsearch-shared/Shared"

SPEC CHECKSUMS:
  KMMViewModelCore: 5f31d97e9314ae9f3431634e5209c43190da6731
  KMMViewModelCoreObjC: 566d521bf364514c318a0d9e5f9fa59200756ab8
  KMMViewModelSwiftUI: e2330e56d22a2cebae900d8e913a078b0407f16c
  KMPNativeCoroutinesAsync: 91d86216afbd78a569c2e6d01c1edf914d344812
  KMPNativeCoroutinesCore: fa73bbfb4f56ef9ff45666646374c43d717110f3
  SDWebImage: c0de394d7cf7f9838aed1fd6bb6037654a4572e4
  SDWebImageSVGCoder: 15a300a97ec1c8ac958f009c02220ac0402e936c
  SDWebImageSwiftUI: 17396b7889f9abc27231caaeb64c537564284aab
  Shared: 68cccdc5b92427ba1f325420fb5834bc6fb9788e
  ToastSwiftUI: 3b9111e37719e4b1c4a4fdbc52a664ec8e676c0e
  UIPilot: f3aaea861e49c3e1b626c57b328a92c5107b2ca6

PODFILE CHECKSUM: f37132a4a3537edfbcf62c6ccd7b9f62d8618472

COCOAPODS: 1.11.3
